github.com/creack/pty v1.1.9/go.mod h1:oKZEueFk5CKHvIhNR5MUki03XCEU+Q6VDXinZuGJ33E=
github.com/davecgh/go-spew v1.1.1 h1:vj9j/u1bqnvCEfJOwUhtlOARqs3+rkHYY13jYWTU97c=
github.com/davecgh/go-spew v1.1.1/go.mod h1:J7Y8YcW2NihsgmVo/mv3lAwl/skON4iLHjSsI+c5H38=
github.com/go-co-op/gocron/v2 v2.5.0 h1:ff/TJX9GdTJBDL1il9cyd/Sj3WnS+BB7ZzwHKSNL5p8=
github.com/go-co-op/gocron/v2 v2.5.0/go.mod h1:ckPQw96ZuZLRUGu88vVpd9a6d9HakI14KWahFZtGvNw=
github.com/go-co-op/gocron/v2 v2.7.0 h1:dFwVZx+M+7p3brj5JPrqmvmlt/X45DiQi6lFZ0xLIQc=
github.com/go-co-op/gocron/v2 v2.7.0/go.mod h1:ckPQw96ZuZLRUGu88vVpd9a6d9HakI14KWahFZtGvNw=
github.com/go-co-op/gocron/v2 v2.7.1 h1:HNHT5WERT4LVzMIqcaQIVrMpNpL6ROK8DiSnATLDxb4=
github.com/go-co-op/gocron/v2 v2.7.1/go.mod h1:xY7bJxGazKam1cz04EebrlP4S9q4iWdiAylMGP3jY9w=
github.com/go-co-op/gocron/v2 v2.11.0 h1:IOowNA6SzwdRFnD4/Ol3Kj6G2xKfsoiiGq2Jhhm9bvE=
github.com/go-co-op/gocron/v2 v2.11.0/go.mod h1:xY7bJxGazKam1cz04EebrlP4S9q4iWdiAylMGP3jY9w=
github.com/go-co-op/gocron/v2 v2.12.1 h1:dCIIBFbzhWKdgXeEifBjHPzgQ1hoWhjS4289Hjjy1uw=
github.com/go-co-op/gocron/v2 v2.12.1/go.mod h1:xY7bJxGazKam1cz04EebrlP4S9q4iWdiAylMGP3jY9w=
github.com/go-co-op/gocron/v2 v2.12.3 h1:3JkKjkFoAPp/i0YE+sonlF5gi+xnBChwYh75nX16MaE=
github.com/go-co-op/gocron/v2 v2.12.3/go.mod h1:xY7bJxGazKam1cz04EebrlP4S9q4iWdiAylMGP3jY9w=
github.com/go-co-op/gocron/v2 v2.12.4 h1:h1HWApo3T+61UrZqEY2qG1LUpDnB7tkYITxf6YIK354=
github.com/go-co-op/gocron/v2 v2.12.4/go.mod h1:xY7bJxGazKam1cz04EebrlP4S9q4iWdiAylMGP3jY9w=
github.com/go-co-op/gocron/v2 v2.14.2 h1:S6CbI7MVfD3S/aPJNLoSg2YcGyEqzEMwUopDejuT4Oc=
github.com/go-co-op/gocron/v2 v2.14.2/go.mod h1:ZF70ZwEqz0OO4RBXE1sNxnANy/zvwLcattWEFsqpKig=
github.com/go-co-op/gocron/v2 v2.16.0 h1:uqUF6WFZ4enRU45pWFNcn1xpDLc+jBOTKhPQI16Z1xs=
github.com/go-co-op/gocron/v2 v2.16.0/go.mod h1:opexeOFy5BplhsKdA7bzY9zeYih8I8/WNJ4arTIFPVc=
github.com/go-co-op/gocron/v2 v2.16.2 h1:r08P663ikXiulLT9XaabkLypL/W9MoCIbqgQoAutyX4=
github.com/go-co-op/gocron/v2 v2.16.2/go.mod h1:4YTLGCCAH75A5RlQ6q+h+VacO7CgjkgP0EJ+BEOXRSI=
github.com/go-co-op/gocron/v2 v2.16.4 h1:+sPh1WL/iPZGOAzmZ5sH1WsAbLH0d8T0S/hZJfFaMSw=
github.com/go-co-op/gocron/v2 v2.16.4/go.mod h1:zAfC/GFQ668qHxOVl/D68Jh5Ce7sDqX6TJnSQyRkRBc=
github.com/go-co-op/gocron/v2 v2.16.6 h1:zI2Ya9sqvuLcgqJgV79LwoJXM8h20Z/drtB7ATbpRWo=
github.com/go-co-op/gocron/v2 v2.16.6/go.mod h1:zAfC/GFQ668qHxOVl/D68Jh5Ce7sDqX6TJnSQyRkRBc=
github.com/go-co-op/gocron/v2 v2.17.0 h1:e/oj6fcAM8vOOKZxv2Cgfmjo+s8AXC46po5ZPtaSea4=
github.com/go-co-op/gocron/v2 v2.17.0/go.mod h1:Zii6he+Zfgy5W9B+JKk/KwejFOW0kZTFvHtwIpR4aBI=
github.com/go-co-op/gocron/v2 v2.18.2 h1:+5VU41FUXPWSPKLXZQ/77SGzUiPCcakU0v7ENc2H20Q=
github.com/go-co-op/gocron/v2 v2.18.2/go.mod h1:Zii6he+Zfgy5W9B+JKk/KwejFOW0kZTFvHtwIpR4aBI=
github.com/go-co-op/gocron/v2 v2.19.0 h1:OKf2y6LXPs/BgBI2fl8PxUpNAI1DA9Mg+hSeGOS38OU=
github.com/go-co-op/gocron/v2 v2.19.0/go.mod h1:5lEiCKk1oVJV39Zg7/YG10OnaVrDAV5GGR6O0663k6U=
github.com/google/uuid v1.6.0 h1:NIvaJDMOsjHA8n1jAhLSgzrAzy1Hgr+hNrb57e+94F0=
github.com/google/uuid v1.6.0/go.mod h1:TIyPZe4MgqvfeYDBFedMoGGpEw/LqOeaOT+nhxU+yHo=
github.com/gosimple/slug v1.14.0 h1:RtTL/71mJNDfpUbCOmnf/XFkzKRtD6wL6Uy+3akm4Es=
github.com/gosimple/slug v1.14.0/go.mod h1:UiRaFH+GEilHstLUmcBgWcI42viBN7mAb818JrYOeFQ=
github.com/gosimple/slug v1.15.0 h1:wRZHsRrRcs6b0XnxMUBM6WK1U1Vg5B0R7VkIf1Xzobo=
github.com/gosimple/slug v1.15.0/go.mod h1:UiRaFH+GEilHstLUmcBgWcI42viBN7mAb818JrYOeFQ=
github.com/gosimple/unidecode v1.0.1 h1:hZzFTMMqSswvf0LBJZCZgThIZrpDHFXux9KeGmn6T/o=
github.com/gosimple/unidecode v1.0.1/go.mod h1:CP0Cr1Y1kogOtx0bJblKzsVWrqYaqfNOnHzpgWw4Awc=
github.com/jcwillox/emerald v0.3.3 h1:+l4MjcKN5OBOAWYJ47rxKUxA+cLb3bjDoQnX8lJoWbE=
github.com/jcwillox/emerald v0.3.3/go.mod h1:2SmfiFycUtDa4r4wawO6SqMjjc7vmwXGjV6lJe5g9D4=
github.com/jonboulle/clockwork v0.4.0 h1:p4Cf1aMWXnXAUh8lVfewRBx1zaTSYKrKMF2g3ST4RZ4=
github.com/jonboulle/clockwork v0.4.0/go.mod h1:xgRqUGwRcjKCO1vbZUEtSLrqKoPSsUpK7fnezOII0kc=
github.com/jonboulle/clockwork v0.5.0 h1:Hyh9A8u51kptdkR+cqRpT1EebBwTn1oK9YfGYbdFz6I=
github.com/jonboulle/clockwork v0.5.0/go.mod h1:3mZlmanh0g2NDKO5TWZVJAfofYk64M7XN3SzBPjZF60=
github.com/kr/pretty v0.3.1 h1:flRD4NNwYAUpkphVc1HcthR4KEIFJ65n8Mw5qdRn3LE=
github.com/kr/pretty v0.3.1/go.mod h1:hoEshYVHaxMs3cyo3Yncou5ZscifuDolrwPKZanG3xk=
github.com/kr/text v0.2.0 h1:5Nx0Ya0ZqY2ygV366QzturHI13Jq95ApcVaJBhpS+AY=
github.com/kr/text v0.2.0/go.mod h1:eLer722TekiGuMkidMxC/pM04lWEeraHUUmBw8l2grE=
github.com/mattn/go-colorable v0.1.12 h1:jF+Du6AlPIjs2BiUiQlKOX0rt3SujHxPnksPKZbaA40=
github.com/mattn/go-colorable v0.1.12/go.mod h1:u5H1YNBxpqRaxsYJYSkiCWKzEfiAb1Gb520KVy5xxl4=
github.com/mattn/go-isatty v0.0.14 h1:yVuAays6BHfxijgZPzw+3Zlu5yQgKGP2/hcQbHb7S9Y=
github.com/mattn/go-isatty v0.0.14/go.mod h1:7GGIvUiUoEMVVmxf/4nioHXj79iQHKdU27kJ6hsGG94=
github.com/pkg/diff v0.0.0-20210226163009-20ebb0f2a09e/go.mod h1:pJLUxLENpZxwdsKMEsNbx1VGcRFpLqf3715MtcvvzbA=
github.com/pmezard/go-difflib v1.0.0 h1:4DBwDE0NGyQoBHbLQYPwSUPoCMWR5BEzIk/f1lZbAQM=
github.com/pmezard/go-difflib v1.0.0/go.mod h1:iKH77koFhYxTK1pcRnkKkqfTogsbg7gZNVY4sRDYZ/4=
github.com/robfig/cron/v3 v3.0.1 h1:WdRxkvbJztn8LMz/QEvLN5sBU+xKpSqwwUO1Pjr4qDs=
github.com/robfig/cron/v3 v3.0.1/go.mod h1:eQICP3HwyT7UooqI/z+Ov+PtYAWygg1TEWWzGIFLtro=
github.com/rogpeppe/go-internal v1.9.0 h1:73kH8U+JUqXU8lRuOHeVHaa/SZPifC7BkcraZVejAe8=
github.com/rogpeppe/go-internal v1.9.0/go.mod h1:WtVeX8xhTBvf0smdhujwtBcq4Qrzq/fJaraNFVN+nFs=
github.com/stretchr/testify v1.9.0 h1:HtqpIVDClZ4nwg75+f6Lvsy/wHu+3BoSGCbBAcpTsTg=
github.com/stretchr/testify v1.9.0/go.mod h1:r2ic/lqez/lEtzL7wO/rwa5dbSLXVDPFyf8C91i36aY=
go.uber.org/goleak v1.3.0 h1:2K3zAYmnTNqV73imy9J1T3WC+gmCePx2hEGkimedGto=
go.uber.org/goleak v1.3.0/go.mod h1:CoHD4mav9JJNrW/WLlf7HGZPjdw8EucARQHekz1X6bE=
golang.org/x/exp v0.0.0-20240416160154-fe59bbe5cc7f h1:99ci1mjWVBWwJiEKYY6jWa4d2nTQVIEhZIptnrVb1XY=
golang.org/x/exp v0.0.0-20240416160154-fe59bbe5cc7f/go.mod h1:/lliqkxwWAhPjf5oSOIJup2XcqJaw8RGS6k3TGEc7GI=
golang.org/x/exp v0.0.0-20240613232115-7f521ea00fb8 h1:yixxcjnhBmY0nkL253HFVIm0JsFHwrHdT3Yh6szTnfY=
golang.org/x/exp v0.0.0-20240613232115-7f521ea00fb8/go.mod h1:jj3sYF3dwk5D+ghuXyeI3r5MFf+NT2An6/9dOA95KSI=
golang.org/x/sys v0.0.0-20210630005230-0f9fa26af87c/go.mod h1:oPkhp1MJrh7nUepCBck5+mAzfO9JrbApNNgaTdGDITg=
golang.org/x/sys v0.0.0-20210927094055-39ccf1dd6fa6/go.mod h1:oPkhp1MJrh7nUepCBck5+mAzfO9JrbApNNgaTdGDITg=
golang.org/x/sys v0.0.0-20220330033206-e17cdc41300f h1:rlezHXNlxYWvBCzNses9Dlc7nGFaNMJeqLolcmQSSZY=
golang.org/x/sys v0.0.0-20220330033206-e17cdc41300f/go.mod h1:oPkhp1MJrh7nUepCBck5+mAzfO9JrbApNNgaTdGDITg=
gopkg.in/check.v1 v0.0.0-20161208181325-20d25e280405/go.mod h1:Co6ibVJAznAaIkqp8huTwlJQCZ016jof/cbN4VW5Yz0=
gopkg.in/check.v1 v1.0.0-20201130134442-10cb98267c6c h1:Hei/4ADfdWqJk1ZMxUNpqntNwaWcugrBjAiHlqqRiVk=
gopkg.in/check.v1 v1.0.0-20201130134442-10cb98267c6c/go.mod h1:JHkPIbrfpd72SG/EVd6muEfDQjcINNoR0C8j2r3qZ4Q=
gopkg.in/yaml.v3 v3.0.1 h1:fxVm/GzAzEWqLHuvctI91KS9hhNmmWOoWu0XTYJS7CA=
gopkg.in/yaml.v3 v3.0.1/go.mod h1:K4uyk7z7BCEPqu6E+C64Yfv1cQ7kz7rIZviUmN+EgEM=
